// !$*UTF8*$!
{
	archiveVersion = 1;
	classes = {
	};
	objectVersion = 56;
	objects = {

/* Begin PBXBuildFile section */
		91D8CC6F2C63353E00D49040 /* AppDelegate.swift in Sources */ = {isa = PBXBuildFile; fileRef = 91D8CC6E2C63353E00D49040 /* AppDelegate.swift */; };
		91D8CC712C63353E00D49040 /* SceneDelegate.swift in Sources */ = {isa = PBXBuildFile; fileRef = 91D8CC702C63353E00D49040 /* SceneDelegate.swift */; };
		91D8CC732C63353E00D49040 /* ReminderListViewComtoller.swift in Sources */ = {isa = PBXBuildFile; fileRef = 91D8CC722C63353E00D49040 /* ReminderListViewComtoller.swift */; };
		91D8CC762C63353E00D49040 /* Base in Resources */ = {isa = PBXBuildFile; fileRef = 91D8CC752C63353E00D49040 /* Base */; };
		91D8CC782C63353F00D49040 /* Assets.xcassets in Resources */ = {isa = PBXBuildFile; fileRef = 91D8CC772C63353F00D49040 /* Assets.xcassets */; };
		91D8CC7B2C63353F00D49040 /* Base in Resources */ = {isa = PBXBuildFile; fileRef = 91D8CC7A2C63353F00D49040 /* Base */; };
		91D8CC862C63353F00D49040 /* UIKitSampleTests.swift in Sources */ = {isa = PBXBuildFile; fileRef = 91D8CC852C63353F00D49040 /* UIKitSampleTests.swift */; };
		91D8CC902C63353F00D49040 /* UIKitSampleUITests.swift in Sources */ = {isa = PBXBuildFile; fileRef = 91D8CC8F2C63353F00D49040 /* UIKitSampleUITests.swift */; };
		91D8CC922C63353F00D49040 /* UIKitSampleUITestsLaunchTests.swift in Sources */ = {isa = PBXBuildFile; fileRef = 91D8CC912C63353F00D49040 /* UIKitSampleUITestsLaunchTests.swift */; };
		91D8CCA02C63365A00D49040 /* Reminder.swift in Sources */ = {isa = PBXBuildFile; fileRef = 91D8CC9F2C63365A00D49040 /* Reminder.swift */; };
/* End PBXBuildFile section */

/* Begin PBXContainerItemProxy section */
		91D8CC822C63353F00D49040 /* PBXContainerItemProxy */ = {
			isa = PBXContainerItemProxy;
			containerPortal = 91D8CC632C63353E00D49040 /* Project object */;
			proxyType = 1;
			remoteGlobalIDString = 91D8CC6A2C63353E00D49040;
			remoteInfo = UIKitSample;
		};
		91D8CC8C2C63353F00D49040 /* PBXContainerItemProxy */ = {
			isa = PBXContainerItemProxy;
			containerPortal = 91D8CC632C63353E00D49040 /* Project object */;
			proxyType = 1;
			remoteGlobalIDString = 91D8CC6A2C63353E00D49040;
			remoteInfo = UIKitSample;
		};
/* End PBXContainerItemProxy section */

/* Begin PBXFileReference section */
		91D8CC6B2C63353E00D49040 /* UIKitSample.app */ = {isa = PBXFileReference; explicitFileType = wrapper.application; includeInIndex = 0; path = UIKitSample.app; sourceTree = BUILT_PRODUCTS_DIR; };
		91D8CC6E2C63353E00D49040 /* AppDelegate.swift */ = {isa = PBXFileReference; lastKnownFileType = sourcecode.swift; path = AppDelegate.swift; sourceTree = "<group>"; };
		91D8CC702C63353E00D49040 /* SceneDelegate.swift */ = {isa = PBXFileReference; lastKnownFileType = sourcecode.swift; path = SceneDelegate.swift; sourceTree = "<group>"; };
		91D8CC722C63353E00D49040 /* ReminderListViewComtoller.swift */ = {isa = PBXFileReference; lastKnownFileType = sourcecode.swift; path = ReminderListViewComtoller.swift; sourceTree = "<group>"; };
		91D8CC752C63353E00D49040 /* Base */ = {isa = PBXFileReference; lastKnownFileType = file.storyboard; name = Base; path = Base.lproj/Main.storyboard; sourceTree = "<group>"; };
		91D8CC772C63353F00D49040 /* Assets.xcassets */ = {isa = PBXFileReference; lastKnownFileType = folder.assetcatalog; path = Assets.xcassets; sourceTree = "<group>"; };
		91D8CC7A2C63353F00D49040 /* Base */ = {isa = PBXFileReference; lastKnownFileType = file.storyboard; name = Base; path = Base.lproj/LaunchScreen.storyboard; sourceTree = "<group>"; };
		91D8CC7C2C63353F00D49040 /* Info.plist */ = {isa = PBXFileReference; lastKnownFileType = text.plist.xml; path = Info.plist; sourceTree = "<group>"; };
		91D8CC812C63353F00D49040 /* UIKitSampleTests.xctest */ = {isa = PBXFileReference; explicitFileType = wrapper.cfbundle; includeInIndex = 0; path = UIKitSampleTests.xctest; sourceTree = BUILT_PRODUCTS_DIR; };
		91D8CC852C63353F00D49040 /* UIKitSampleTests.swift */ = {isa = PBXFileReference; lastKnownFileType = sourcecode.swift; path = UIKitSampleTests.swift; sourceTree = "<group>"; };
		91D8CC8B2C63353F00D49040 /* UIKitSampleUITests.xctest */ = {isa = PBXFileReference; explicitFileType = wrapper.cfbundle; includeInIndex = 0; path = UIKitSampleUITests.xctest; sourceTree = BUILT_PRODUCTS_DIR; };
		91D8CC8F2C63353F00D49040 /* UIKitSampleUITests.swift */ = {isa = PBXFileReference; lastKnownFileType = sourcecode.swift; path = UIKitSampleUITests.swift; sourceTree = "<group>"; };
		91D8CC912C63353F00D49040 /* UIKitSampleUITestsLaunchTests.swift */ = {isa = PBXFileReference; lastKnownFileType = sourcecode.swift; path = UIKitSampleUITestsLaunchTests.swift; sourceTree = "<group>"; };
		91D8CC9F2C63365A00D49040 /* Reminder.swift */ = {isa = PBXFileReference; lastKnownFileType = sourcecode.swift; path = Reminder.swift; sourceTree = "<group>"; };
/* End PBXFileReference section */

/* Begin PBXFrameworksBuildPhase section */
		91D8CC682C63353E00D49040 /* Frameworks */ = {
			isa = PBXFrameworksBuildPhase;
			buildActionMask = 2147483647;
			files = (
			);
			runOnlyForDeploymentPostprocessing = 0;
		};
		91D8CC7E2C63353F00D49040 /* Frameworks */ = {
			isa = PBXFrameworksBuildPhase;
			buildActionMask = 2147483647;
			files = (
			);
			runOnlyForDeploymentPostprocessing = 0;
		};
		91D8CC882C63353F00D49040 /* Frameworks */ = {
			isa = PBXFrameworksBuildPhase;
			buildActionMask = 2147483647;
			files = (
			);
			runOnlyForDeploymentPostprocessing = 0;
		};
/* End PBXFrameworksBuildPhase section */

/* Begin PBXGroup section */
		91D8CC622C63353E00D49040 = {
			isa = PBXGroup;
			children = (
				91D8CC6D2C63353E00D49040 /* UIKitSample */,
				91D8CC842C63353F00D49040 /* UIKitSampleTests */,
				91D8CC8E2C63353F00D49040 /* UIKitSampleUITests */,
				91D8CC6C2C63353E00D49040 /* Products */,
			);
			sourceTree = "<group>";
		};
		91D8CC6C2C63353E00D49040 /* Products */ = {
			isa = PBXGroup;
			children = (
				91D8CC6B2C63353E00D49040 /* UIKitSample.app */,
				91D8CC812C63353F00D49040 /* UIKitSampleTests.xctest */,
				91D8CC8B2C63353F00D49040 /* UIKitSampleUITests.xctest */,
			);
			name = Products;
			sourceTree = "<group>";
		};
		91D8CC6D2C63353E00D49040 /* UIKitSample */ = {
			isa = PBXGroup;
			children = (
				91D8CC9E2C63362B00D49040 /* Models */,
				91D8CC6E2C63353E00D49040 /* AppDelegate.swift */,
				91D8CC702C63353E00D49040 /* SceneDelegate.swift */,
				91D8CC722C63353E00D49040 /* ReminderListViewComtoller.swift */,
				91D8CC742C63353E00D49040 /* Main.storyboard */,
				91D8CC772C63353F00D49040 /* Assets.xcassets */,
				91D8CC792C63353F00D49040 /* LaunchScreen.storyboard */,
				91D8CC7C2C63353F00D49040 /* Info.plist */,
			);
			path = UIKitSample;
			sourceTree = "<group>";
		};
		91D8CC842C63353F00D49040 /* UIKitSampleTests */ = {
			isa = PBXGroup;
			children = (
				91D8CC852C63353F00D49040 /* UIKitSampleTests.swift */,
			);
			path = UIKitSampleTests;
			sourceTree = "<group>";
		};
		91D8CC8E2C63353F00D49040 /* UIKitSampleUITests */ = {
			isa = PBXGroup;
			children = (
				91D8CC8F2C63353F00D49040 /* UIKitSampleUITests.swift */,
				91D8CC912C63353F00D49040 /* UIKitSampleUITestsLaunchTests.swift */,
			);
			path = UIKitSampleUITests;
			sourceTree = "<group>";
		};
		91D8CC9E2C63362B00D49040 /* Models */ = {
			isa = PBXGroup;
			children = (
				91D8CC9F2C63365A00D49040 /* Reminder.swift */,
			);
			path = Models;
			sourceTree = "<group>";
		};
/* End PBXGroup section */

/* Begin PBXNativeTarget section */
		91D8CC6A2C63353E00D49040 /* UIKitSample */ = {
			isa = PBXNativeTarget;
			buildConfigurationList = 91D8CC952C63353F00D49040 /* Build configuration list for PBXNativeTarget "UIKitSample" */;
			buildPhases = (
				91D8CC672C63353E00D49040 /* Sources */,
				91D8CC682C63353E00D49040 /* Frameworks */,
				91D8CC692C63353E00D49040 /* Resources */,
			);
			buildRules = (
			);
			dependencies = (
			);
			name = UIKitSample;
			productName = UIKitSample;
			productReference = 91D8CC6B2C63353E00D49040 /* UIKitSample.app */;
			productType = "com.apple.product-type.application";
		};
		91D8CC802C63353F00D49040 /* UIKitSampleTests */ = {
			isa = PBXNativeTarget;
			buildConfigurationList = 91D8CC982C63353F00D49040 /* Build configuration list for PBXNativeTarget "UIKitSampleTests" */;
			buildPhases = (
				91D8CC7D2C63353F00D49040 /* Sources */,
				91D8CC7E2C63353F00D49040 /* Frameworks */,
				91D8CC7F2C63353F00D49040 /* Resources */,
			);
			buildRules = (
			);
			dependencies = (
				91D8CC832C63353F00D49040 /* PBXTargetDependency */,
			);
			name = UIKitSampleTests;
			productName = UIKitSampleTests;
			productReference = 91D8CC812C63353F00D49040 /* UIKitSampleTests.xctest */;
			productType = "com.apple.product-type.bundle.unit-test";
		};
		91D8CC8A2C63353F00D49040 /* UIKitSampleUITests */ = {
			isa = PBXNativeTarget;
			buildConfigurationList = 91D8CC9B2C63353F00D49040 /* Build configuration list for PBXNativeTarget "UIKitSampleUITests" */;
			buildPhases = (
				91D8CC872C63353F00D49040 /* Sources */,
				91D8CC882C63353F00D49040 /* Frameworks */,
				91D8CC892C63353F00D49040 /* Resources */,
			);
			buildRules = (
			);
			dependencies = (
				91D8CC8D2C63353F00D49040 /* PBXTargetDependency */,
			);
			name = UIKitSampleUITests;
			productName = UIKitSampleUITests;
			productReference = 91D8CC8B2C63353F00D49040 /* UIKitSampleUITests.xctest */;
			productType = "com.apple.product-type.bundle.ui-testing";
		};
/* End PBXNativeTarget section */

/* Begin PBXProject section */
		91D8CC632C63353E00D49040 /* Project object */ = {
			isa = PBXProject;
			attributes = {
				BuildIndependentTargetsInParallel = 1;
				LastSwiftUpdateCheck = 1540;
				LastUpgradeCheck = 1540;
				TargetAttributes = {
					91D8CC6A2C63353E00D49040 = {
						CreatedOnToolsVersion = 15.4;
					};
					91D8CC802C63353F00D49040 = {
						CreatedOnToolsVersion = 15.4;
						TestTargetID = 91D8CC6A2C63353E00D49040;
					};
					91D8CC8A2C63353F00D49040 = {
						CreatedOnToolsVersion = 15.4;
						TestTargetID = 91D8CC6A2C63353E00D49040;
					};
				};
			};
			buildConfigurationList = 91D8CC662C63353E00D49040 /* Build configuration list for PBXProject "UIKitSample" */;
			compatibilityVersion = "Xcode 14.0";
			developmentRegion = en;
			hasScannedForEncodings = 0;
			knownRegions = (
				en,
				Base,
			);
			mainGroup = 91D8CC622C63353E00D49040;
			productRefGroup = 91D8CC6C2C63353E00D49040 /* Products */;
			projectDirPath = "";
			projectRoot = "";
			targets = (
				91D8CC6A2C63353E00D49040 /* UIKitSample */,
				91D8CC802C63353F00D49040 /* UIKitSampleTests */,
				91D8CC8A2C63353F00D49040 /* UIKitSampleUITests */,
			);
		};
/* End PBXProject section */

/* Begin PBXResourcesBuildPhase section */
		91D8CC692C63353E00D49040 /* Resources */ = {
			isa = PBXResourcesBuildPhase;
			buildActionMask = 2147483647;
			files = (
				91D8CC782C63353F00D49040 /* Assets.xcassets in Resources */,
				91D8CC7B2C63353F00D49040 /* Base in Resources */,
				91D8CC762C63353E00D49040 /* Base in Resources */,
			);
			runOnlyForDeploymentPostprocessing = 0;
		};
		91D8CC7F2C63353F00D49040 /* Resources */ = {
			isa = PBXResourcesBuildPhase;
			buildActionMask = 2147483647;
			files = (
			);
			runOnlyForDeploymentPostprocessing = 0;
		};
		91D8CC892C63353F00D49040 /* Resources */ = {
			isa = PBXResourcesBuildPhase;
			buildActionMask = 2147483647;
			files = (
			);
			runOnlyForDeploymentPostprocessing = 0;
		};
/* End PBXResourcesBuildPhase section */

/* Begin PBXSourcesBuildPhase section */
		91D8CC672C63353E00D49040 /* Sources */ = {
			isa = PBXSourcesBuildPhase;
			buildActionMask = 2147483647;
			files = (
				91D8CC732C63353E00D49040 /* ReminderListViewComtoller.swift in Sources */,
				91D8CC6F2C63353E00D49040 /* AppDelegate.swift in Sources */,
				91D8CC712C63353E00D49040 /* SceneDelegate.swift in Sources */,
				91D8CCA02C63365A00D49040 /* Reminder.swift in Sources */,
			);
			runOnlyForDeploymentPostprocessing = 0;
		};
		91D8CC7D2C63353F00D49040 /* Sources */ = {
			isa = PBXSourcesBuildPhase;
			buildActionMask = 2147483647;
			files = (
				91D8CC862C63353F00D49040 /* UIKitSampleTests.swift in Sources */,
			);
			runOnlyForDeploymentPostprocessing = 0;
		};
		91D8CC872C63353F00D49040 /* Sources */ = {
			isa = PBXSourcesBuildPhase;
			buildActionMask = 2147483647;
			files = (
				91D8CC902C63353F00D49040 /* UIKitSampleUITests.swift in Sources */,
				91D8CC922C63353F00D49040 /* UIKitSampleUITestsLaunchTests.swift in Sources */,
			);
			runOnlyForDeploymentPostprocessing = 0;
		};
/* End PBXSourcesBuildPhase section */

/* Begin PBXTargetDependency section */
		91D8CC832C63353F00D49040 /* PBXTargetDependency */ = {
			isa = PBXTargetDependency;
			target = 91D8CC6A2C63353E00D49040 /* UIKitSample */;
			targetProxy = 91D8CC822C63353F00D49040 /* PBXContainerItemProxy */;
		};
		91D8CC8D2C63353F00D49040 /* PBXTargetDependency */ = {
			isa = PBXTargetDependency;
			target = 91D8CC6A2C63353E00D49040 /* UIKitSample */;
			targetProxy = 91D8CC8C2C63353F00D49040 /* PBXContainerItemProxy */;
		};
/* End PBXTargetDependency section */

/* Begin PBXVariantGroup section */
		91D8CC742C63353E00D49040 /* Main.storyboard */ = {
			isa = PBXVariantGroup;
			children = (
				91D8CC752C63353E00D49040 /* Base */,
			);
			name = Main.storyboard;
			sourceTree = "<group>";
		};
		91D8CC792C63353F00D49040 /* LaunchScreen.storyboard */ = {
			isa = PBXVariantGroup;
			children = (
				91D8CC7A2C63353F00D49040 /* Base */,
			);
			name = LaunchScreen.storyboard;
			sourceTree = "<group>";
		};
/* End PBXVariantGroup section */

/* Begin XCBuildConfiguration section */
		91D8CC932C63353F00D49040 /* Debug */ = {
			isa = XCBuildConfiguration;
			buildSettings = {
				ALWAYS_SEARCH_USER_PATHS = NO;
				ASSETCATALOG_COMPILER_GENERATE_SWIFT_ASSET_SYMBOL_EXTENSIONS = YES;
				CLANG_ANALYZER_NONNULL = YES;
				CLANG_ANALYZER_NUMBER_OBJECT_CONVERSION = YES_AGGRESSIVE;
				CLANG_CXX_LANGUAGE_STANDARD = "gnu++20";
				CLANG_ENABLE_MODULES = YES;
				CLANG_ENABLE_OBJC_ARC = YES;
				CLANG_ENABLE_OBJC_WEAK = YES;
				CLANG_WARN_BLOCK_CAPTURE_AUTORELEASING = YES;
				CLANG_WARN_BOOL_CONVERSION = YES;
				CLANG_WARN_COMMA = YES;
				CLANG_WARN_CONSTANT_CONVERSION = YES;
				CLANG_WARN_DEPRECATED_OBJC_IMPLEMENTATIONS = YES;
				CLANG_WARN_DIRECT_OBJC_ISA_USAGE = YES_ERROR;
				CLANG_WARN_DOCUMENTATION_COMMENTS = YES;
				CLANG_WARN_EMPTY_BODY = YES;
				CLANG_WARN_ENUM_CONVERSION = YES;
				CLANG_WARN_INFINITE_RECURSION = YES;
				CLANG_WARN_INT_CONVERSION = YES;
				CLANG_WARN_NON_LITERAL_NULL_CONVERSION = YES;
				CLANG_WARN_OBJC_IMPLICIT_RETAIN_SELF = YES;
				CLANG_WARN_OBJC_LITERAL_CONVERSION = YES;
				CLANG_WARN_OBJC_ROOT_CLASS = YES_ERROR;
				CLANG_WARN_QUOTED_INCLUDE_IN_FRAMEWORK_HEADER = YES;
				CLANG_WARN_RANGE_LOOP_ANALYSIS = YES;
				CLANG_WARN_STRICT_PROTOTYPES = YES;
				CLANG_WARN_SUSPICIOUS_MOVE = YES;
				CLANG_WARN_UNGUARDED_AVAILABILITY = YES_AGGRESSIVE;
				CLANG_WARN_UNREACHABLE_CODE = YES;
				CLANG_WARN__DUPLICATE_METHOD_MATCH = YES;
				COPY_PHASE_STRIP = NO;
				DEBUG_INFORMATION_FORMAT = dwarf;
				ENABLE_STRICT_OBJC_MSGSEND = YES;
				ENABLE_TESTABILITY = YES;
				ENABLE_USER_SCRIPT_SANDBOXING = YES;
				GCC_C_LANGUAGE_STANDARD = gnu17;
				GCC_DYNAMIC_NO_PIC = NO;
				GCC_NO_COMMON_BLOCKS = YES;
				GCC_OPTIMIZATION_LEVEL = 0;
				GCC_PREPROCESSOR_DEFINITIONS = (
					"DEBUG=1",
					"$(inherited)",
				);
				GCC_WARN_64_TO_32_BIT_CONVERSION = YES;
				GCC_WARN_ABOUT_RETURN_TYPE = YES_ERROR;
				GCC_WARN_UNDECLARED_SELECTOR = YES;
				GCC_WARN_UNINITIALIZED_AUTOS = YES_AGGRESSIVE;
				GCC_WARN_UNUSED_FUNCTION = YES;
				GCC_WARN_UNUSED_VARIABLE = YES;
				IPHONEOS_DEPLOYMENT_TARGET = 17.5;
				LOCALIZATION_PREFERS_STRING_CATALOGS = YES;
				MTL_ENABLE_DEBUG_INFO = INCLUDE_SOURCE;
				MTL_FAST_MATH = YES;
				ONLY_ACTIVE_ARCH = YES;
				SDKROOT = iphoneos;
				SWIFT_ACTIVE_COMPILATION_CONDITIONS = "DEBUG $(inherited)";
				SWIFT_OPTIMIZATION_LEVEL = "-Onone";
			};
			name = Debug;
		};
		91D8CC942C63353F00D49040 /* Release */ = {
			isa = XCBuildConfiguration;
			buildSettings = {
				ALWAYS_SEARCH_USER_PATHS = NO;
				ASSETCATALOG_COMPILER_GENERATE_SWIFT_ASSET_SYMBOL_EXTENSIONS = YES;
				CLANG_ANALYZER_NONNULL = YES;
				CLANG_ANALYZER_NUMBER_OBJECT_CONVERSION = YES_AGGRESSIVE;
				CLANG_CXX_LANGUAGE_STANDARD = "gnu++20";
				CLANG_ENABLE_MODULES = YES;
				CLANG_ENABLE_OBJC_ARC = YES;
				CLANG_ENABLE_OBJC_WEAK = YES;
				CLANG_WARN_BLOCK_CAPTURE_AUTORELEASING = YES;
				CLANG_WARN_BOOL_CONVERSION = YES;
				CLANG_WARN_COMMA = YES;
				CLANG_WARN_CONSTANT_CONVERSION = YES;
				CLANG_WARN_DEPRECATED_OBJC_IMPLEMENTATIONS = YES;
				CLANG_WARN_DIRECT_OBJC_ISA_USAGE = YES_ERROR;
				CLANG_WARN_DOCUMENTATION_COMMENTS = YES;
				CLANG_WARN_EMPTY_BODY = YES;
				CLANG_WARN_ENUM_CONVERSION = YES;
				CLANG_WARN_INFINITE_RECURSION = YES;
				CLANG_WARN_INT_CONVERSION = YES;
				CLANG_WARN_NON_LITERAL_NULL_CONVERSION = YES;
				CLANG_WARN_OBJC_IMPLICIT_RETAIN_SELF = YES;
				CLANG_WARN_OBJC_LITERAL_CONVERSION = YES;
				CLANG_WARN_OBJC_ROOT_CLASS = YES_ERROR;
				CLANG_WARN_QUOTED_INCLUDE_IN_FRAMEWORK_HEADER = YES;
				CLANG_WARN_RANGE_LOOP_ANALYSIS = YES;
				CLANG_WARN_STRICT_PROTOTYPES = YES;
				CLANG_WARN_SUSPICIOUS_MOVE = YES;
				CLANG_WARN_UNGUARDED_AVAILABILITY = YES_AGGRESSIVE;
				CLANG_WARN_UNREACHABLE_CODE = YES;
				CLANG_WARN__DUPLICATE_METHOD_MATCH = YES;
				COPY_PHASE_STRIP = NO;
				DEBUG_INFORMATION_FORMAT = "dwarf-with-dsym";
				ENABLE_NS_ASSERTIONS = NO;
				ENABLE_STRICT_OBJC_MSGSEND = YES;
				ENABLE_USER_SCRIPT_SANDBOXING = YES;
				GCC_C_LANGUAGE_STANDARD = gnu17;
				GCC_NO_COMMON_BLOCKS = YES;
				GCC_WARN_64_TO_32_BIT_CONVERSION = YES;
				GCC_WARN_ABOUT_RETURN_TYPE = YES_ERROR;
				GCC_WARN_UNDECLARED_SELECTOR = YES;
				GCC_WARN_UNINITIALIZED_AUTOS = YES_AGGRESSIVE;
				GCC_WARN_UNUSED_FUNCTION = YES;
				GCC_WARN_UNUSED_VARIABLE = YES;
				IPHONEOS_DEPLOYMENT_TARGET = 17.5;
				LOCALIZATION_PREFERS_STRING_CATALOGS = YES;
				MTL_ENABLE_DEBUG_INFO = NO;
				MTL_FAST_MATH = YES;
				SDKROOT = iphoneos;
				SWIFT_COMPILATION_MODE = wholemodule;
				VALIDATE_PRODUCT = YES;
			};
			name = Release;
		};
		91D8CC962C63353F00D49040 /* Debug */ = {
			isa = XCBuildConfiguration;
			buildSettings = {
				ASSETCATALOG_COMPILER_APPICON_NAME = AppIcon;
				ASSETCATALOG_COMPILER_GLOBAL_ACCENT_COLOR_NAME = AccentColor;
				CODE_SIGN_STYLE = Automatic;
				CURRENT_PROJECT_VERSION = 1;
				DEVELOPMENT_TEAM = 7FYKNUHVT6;
				GENERATE_INFOPLIST_FILE = YES;
				INFOPLIST_FILE = UIKitSample/Info.plist;
				INFOPLIST_KEY_UIApplicationSupportsIndirectInputEvents = YES;
				INFOPLIST_KEY_UILaunchStoryboardName = LaunchScreen;
				INFOPLIST_KEY_UIMainStoryboardFile = Main;
				INFOPLIST_KEY_UISupportedInterfaceOrientations_iPad = "UIInterfaceOrientationPortrait UIInterfaceOrientationPortraitUpsideDown UIInterfaceOrientationLandscapeLeft UIInterfaceOrientationLandscapeRight";
				INFOPLIST_KEY_UISupportedInterfaceOrientations_iPhone = "UIInterfaceOrientationPortrait UIInterfaceOrientationLandscapeLeft UIInterfaceOrientationLandscapeRight";
				LD_RUNPATH_SEARCH_PATHS = (
					"$(inherited)",
					"@executable_path/Frameworks",
				);
				MARKETING_VERSION = 1.0;
				PRODUCT_BUNDLE_IDENTIFIER = jp.techus.UIKitSample;
				PRODUCT_NAME = "$(TARGET_NAME)";
				SWIFT_EMIT_LOC_STRINGS = YES;
				SWIFT_VERSION = 5.0;
				TARGETED_DEVICE_FAMILY = "1,2";
			};
			name = Debug;
		};
		91D8CC972C63353F00D49040 /* Release */ = {
			isa = XCBuildConfiguration;
			buildSettings = {
				ASSETCATALOG_COMPILER_APPICON_NAME = AppIcon;
				ASSETCATALOG_COMPILER_GLOBAL_ACCENT_COLOR_NAME = AccentColor;
				CODE_SIGN_STYLE = Automatic;
				CURRENT_PROJECT_VERSION = 1;
				DEVELOPMENT_TEAM = 7FYKNUHVT6;
				GENERATE_INFOPLIST_FILE = YES;
				INFOPLIST_FILE = UIKitSample/Info.plist;
				INFOPLIST_KEY_UIApplicationSupportsIndirectInputEvents = YES;
				INFOPLIST_KEY_UILaunchStoryboardName = LaunchScreen;
				INFOPLIST_KEY_UIMainStoryboardFile = Main;
				INFOPLIST_KEY_UISupportedInterfaceOrientations_iPad = "UIInterfaceOrientationPortrait UIInterfaceOrientationPortraitUpsideDown UIInterfaceOrientationLandscapeLeft UIInterfaceOrientationLandscapeRight";
				INFOPLIST_KEY_UISupportedInterfaceOrientations_iPhone = "UIInterfaceOrientationPortrait UIInterfaceOrientationLandscapeLeft UIInterfaceOrientationLandscapeRight";
				LD_RUNPATH_SEARCH_PATHS = (
					"$(inherited)",
					"@executable_path/Frameworks",
				);
				MARKETING_VERSION = 1.0;
				PRODUCT_BUNDLE_IDENTIFIER = jp.techus.UIKitSample;
				PRODUCT_NAME = "$(TARGET_NAME)";
				SWIFT_EMIT_LOC_STRINGS = YES;
				SWIFT_VERSION = 5.0;
				TARGETED_DEVICE_FAMILY = "1,2";
			};
			name = Release;
		};
		91D8CC992C63353F00D49040 /* Debug */ = {
			isa = XCBuildConfiguration;
			buildSettings = {
				ALWAYS_EMBED_SWIFT_STANDARD_LIBRARIES = YES;
				BUNDLE_LOADER = "$(TEST_HOST)";
				CODE_SIGN_STYLE = Automatic;
				CURRENT_PROJECT_VERSION = 1;
				DEVELOPMENT_TEAM = 7FYKNUHVT6;
				GENERATE_INFOPLIST_FILE = YES;
				IPHONEOS_DEPLOYMENT_TARGET = 17.5;
				MARKETING_VERSION = 1.0;
				PRODUCT_BUNDLE_IDENTIFIER = jp.techus.UIKitSampleTests;
				PRODUCT_NAME = "$(TARGET_NAME)";
				SWIFT_EMIT_LOC_STRINGS = NO;
				SWIFT_VERSION = 5.0;
				TARGETED_DEVICE_FAMILY = "1,2";
				TEST_HOST = "$(BUILT_PRODUCTS_DIR)/UIKitSample.app/$(BUNDLE_EXECUTABLE_FOLDER_PATH)/UIKitSample";
			};
			name = Debug;
		};
		91D8CC9A2C63353F00D49040 /* Release */ = {
			isa = XCBuildConfiguration;
			buildSettings = {
				ALWAYS_EMBED_SWIFT_STANDARD_LIBRARIES = YES;
				BUNDLE_LOADER = "$(TEST_HOST)";
				CODE_SIGN_STYLE = Automatic;
				CURRENT_PROJECT_VERSION = 1;
				DEVELOPMENT_TEAM = 7FYKNUHVT6;
				GENERATE_INFOPLIST_FILE = YES;
				IPHONEOS_DEPLOYMENT_TARGET = 17.5;
				MARKETING_VERSION = 1.0;
				PRODUCT_BUNDLE_IDENTIFIER = jp.techus.UIKitSampleTests;
				PRODUCT_NAME = "$(TARGET_NAME)";
				SWIFT_EMIT_LOC_STRINGS = NO;
				SWIFT_VERSION = 5.0;
				TARGETED_DEVICE_FAMILY = "1,2";
				TEST_HOST = "$(BUILT_PRODUCTS_DIR)/UIKitSample.app/$(BUNDLE_EXECUTABLE_FOLDER_PATH)/UIKitSample";
			};
			name = Release;
		};
		91D8CC9C2C63353F00D49040 /* Debug */ = {
			isa = XCBuildConfiguration;
			buildSettings = {
				ALWAYS_EMBED_SWIFT_STANDARD_LIBRARIES = YES;
				CODE_SIGN_STYLE = Automatic;
				CURRENT_PROJECT_VERSION = 1;
				DEVELOPMENT_TEAM = 7FYKNUHVT6;
				GENERATE_INFOPLIST_FILE = YES;
				MARKETING_VERSION = 1.0;
				PRODUCT_BUNDLE_IDENTIFIER = jp.techus.UIKitSampleUITests;
				PRODUCT_NAME = "$(TARGET_NAME)";
				SWIFT_EMIT_LOC_STRINGS = NO;
				SWIFT_VERSION = 5.0;
				TARGETED_DEVICE_FAMILY = "1,2";
				TEST_TARGET_NAME = UIKitSample;
			};
			name = Debug;
		};
		91D8CC9D2C63353F00D49040 /* Release */ = {
			isa = XCBuildConfiguration;
			buildSettings = {
				ALWAYS_EMBED_SWIFT_STANDARD_LIBRARIES = YES;
				CODE_SIGN_STYLE = Automatic;
				CURRENT_PROJECT_VERSION = 1;
				DEVELOPMENT_TEAM = 7FYKNUHVT6;
				GENERATE_INFOPLIST_FILE = YES;
				MARKETING_VERSION = 1.0;
				PRODUCT_BUNDLE_IDENTIFIER = jp.techus.UIKitSampleUITests;
				PRODUCT_NAME = "$(TARGET_NAME)";
				SWIFT_EMIT_LOC_STRINGS = NO;
				SWIFT_VERSION = 5.0;
				TARGETED_DEVICE_FAMILY = "1,2";
				TEST_TARGET_NAME = UIKitSample;
			};
			name = Release;
		};
/* End XCBuildConfiguration section */

/* Begin XCConfigurationList section */
		91D8CC662C63353E00D49040 /* Build configuration list for PBXProject "UIKitSample" */ = {
			isa = XCConfigurationList;
			buildConfigurations = (
				91D8CC932C63353F00D49040 /* Debug */,
				91D8CC942C63353F00D49040 /* Release */,
			);
			defaultConfigurationIsVisible = 0;
			defaultConfigurationName = Release;
		};
		91D8CC952C63353F00D49040 /* Build configuration list for PBXNativeTarget "UIKitSample" */ = {
			isa = XCConfigurationList;
			buildConfigurations = (
				91D8CC962C63353F00D49040 /* Debug */,
				91D8CC972C63353F00D49040 /* Release */,
			);
			defaultConfigurationIsVisible = 0;
			defaultConfigurationName = Release;
		};
		91D8CC982C63353F00D49040 /* Build configuration list for PBXNativeTarget "UIKitSampleTests" */ = {
			isa = XCConfigurationList;
			buildConfigurations = (
				91D8CC992C63353F00D49040 /* Debug */,
				91D8CC9A2C63353F00D49040 /* Release */,
			);
			defaultConfigurationIsVisible = 0;
			defaultConfigurationName = Release;
		};
		91D8CC9B2C63353F00D49040 /* Build configuration list for PBXNativeTarget "UIKitSampleUITests" */ = {
			isa = XCConfigurationList;
			buildConfigurations = (
				91D8CC9C2C63353F00D49040 /* Debug */,
				91D8CC9D2C63353F00D49040 /* Release */,
			);
			defaultConfigurationIsVisible = 0;
			defaultConfigurationName = Release;
		};
/* End XCConfigurationList section */
	};
	rootObject = 91D8CC632C63353E00D49040 /* Project object */;
}
